
Microsoft Visual Studio Solution File, Format Version 12.00
# Visual Studio Version 17
VisualStudioVersion = 17.5.33530.505
MinimumVisualStudioVersion = 10.0.40219.1
Project("{FAE04EC0-301F-11D3-BF4B-00C04F79EFBC}") = "BookStore", "BookStore.csproj", "{0FDBC23D-A36C-4E0C-B3D3-E31746317985}"
EndProject
Project("{9A19103F-16F7-4668-BE54-9A1E7A4F7556}") = "BookStore.Models", "..\BookStore.Models\BookStore.Models.csproj", "{82F736E4-D929-4B04-AD4A-C38CEBD99F68}"
EndProject
Project("{9A19103F-16F7-4668-BE54-9A1E7A4F7556}") = "BookStore.Services", "..\BookStore.Services\BookStore.Services.csproj", "{071B918F-301F-40DC-92EF-0B07B9ACE4CD}"
EndProject
Global
	GlobalSection(SolutionConfigurationPlatforms) = preSolution
		Debug|Any CPU = Debug|Any CPU
		Release|Any CPU = Release|Any CPU
	EndGlobalSection
	GlobalSection(ProjectConfigurationPlatforms) = postSolution
		{0FDBC23D-A36C-4E0C-B3D3-E31746317985}.Debug|Any CPU.ActiveCfg = Debug|Any CPU
		{0FDBC23D-A36C-4E0C-B3D3-E31746317985}.Debug|Any CPU.Build.0 = Debug|Any CPU
		{0FDBC23D-A36C-4E0C-B3D3-E31746317985}.Release|Any CPU.ActiveCfg = Release|Any CPU
		{0FDBC23D-A36C-4E0C-B3D3-E31746317985}.Release|Any CPU.Build.0 = Release|Any CPU
		{82F736E4-D929-4B04-AD4A-C38CEBD99F68}.Debug|Any CPU.ActiveCfg = Debug|Any CPU
		{82F736E4-D929-4B04-AD4A-C38CEBD99F68}.Debug|Any CPU.Build.0 = Debug|Any CPU
		{82F736E4-D929-4B04-AD4A-C38CEBD99F68}.Release|Any CPU.ActiveCfg = Release|Any CPU
		{82F736E4-D929-4B04-AD4A-C38CEBD99F68}.Release|Any CPU.Build.0 = Release|Any CPU
		{071B918F-301F-40DC-92EF-0B07B9ACE4CD}.Debug|Any CPU.ActiveCfg = Debug|Any CPU
		{071B918F-301F-40DC-92EF-0B07B9ACE4CD}.Debug|Any CPU.Build.0 = Debug|Any CPU
		{071B918F-301F-40DC-92EF-0B07B9ACE4CD}.Release|Any CPU.ActiveCfg = Release|Any CPU
		{071B918F-301F-40DC-92EF-0B07B9ACE4CD}.Release|Any CPU.Build.0 = Release|Any CPU
	EndGlobalSection
	GlobalSection(SolutionProperties) = preSolution
		HideSolutionNode = FALSE
	EndGlobalSection
	GlobalSection(ExtensibilityGlobals) = postSolution
		SolutionGuid = {1B554E0B-A2B9-4C57-8780-1FA8290C36E3}
	EndGlobalSection
EndGlobal
